// !$*UTF8*$!
{
	archiveVersion = 1;
	classes = {
	};
	objectVersion = 51;
	objects = {

/* Begin PBXBuildFile section */
		273B2CFA24D7F1A600CB600A /* cellModel.swift in Sources */ = {isa = PBXBuildFile; fileRef = 273B2CF924D7F1A600CB600A /* cellModel.swift */; };
		275E3AFA24D5E114009B2260 /* SignUp.swift in Sources */ = {isa = PBXBuildFile; fileRef = 275E3AF924D5E114009B2260 /* SignUp.swift */; };
		275E3B0224D5EA6A009B2260 /* Interactions.swift in Sources */ = {isa = PBXBuildFile; fileRef = 275E3B0124D5EA6A009B2260 /* Interactions.swift */; };
		275E3B0824D626CF009B2260 /* feed.swift in Sources */ = {isa = PBXBuildFile; fileRef = 275E3B0724D626CF009B2260 /* feed.swift */; };
		275E3B0A24D626E4009B2260 /* newPost.swift in Sources */ = {isa = PBXBuildFile; fileRef = 275E3B0924D626E4009B2260 /* newPost.swift */; };
		275E3B0C24D626F7009B2260 /* settings.swift in Sources */ = {isa = PBXBuildFile; fileRef = 275E3B0B24D626F7009B2260 /* settings.swift */; };
		275E3B0E24D6BAEC009B2260 /* selectOnMap.swift in Sources */ = {isa = PBXBuildFile; fileRef = 275E3B0D24D6BAEC009B2260 /* selectOnMap.swift */; };
		275E3B1024D73330009B2260 /* cell.swift in Sources */ = {isa = PBXBuildFile; fileRef = 275E3B0F24D73330009B2260 /* cell.swift */; };
		278E285024D4342900416849 /* AppDelegate.swift in Sources */ = {isa = PBXBuildFile; fileRef = 278E284F24D4342900416849 /* AppDelegate.swift */; };
		278E285224D4342900416849 /* SceneDelegate.swift in Sources */ = {isa = PBXBuildFile; fileRef = 278E285124D4342900416849 /* SceneDelegate.swift */; };
		278E285424D4342900416849 /* SignIn.swift in Sources */ = {isa = PBXBuildFile; fileRef = 278E285324D4342900416849 /* SignIn.swift */; };
		278E285724D4342900416849 /* Main.storyboard in Resources */ = {isa = PBXBuildFile; fileRef = 278E285524D4342900416849 /* Main.storyboard */; };
		278E285924D4343000416849 /* Assets.xcassets in Resources */ = {isa = PBXBuildFile; fileRef = 278E285824D4343000416849 /* Assets.xcassets */; };
		278E285C24D4343000416849 /* LaunchScreen.storyboard in Resources */ = {isa = PBXBuildFile; fileRef = 278E285A24D4343000416849 /* LaunchScreen.storyboard */; };
		278E286424D491B000416849 /* GoogleService-Info.plist in Resources */ = {isa = PBXBuildFile; fileRef = 278E286324D491B000416849 /* GoogleService-Info.plist */; };
		CBD495D3E11771BD781EF484 /* Pods_exampleFirebase2.framework in Frameworks */ = {isa = PBXBuildFile; fileRef = B0308204C656B7D7D7AA6B09 /* Pods_exampleFirebase2.framework */; };
/* End PBXBuildFile section */

/* Begin PBXFileReference section */
		273B2CF924D7F1A600CB600A /* cellModel.swift */ = {isa = PBXFileReference; lastKnownFileType = sourcecode.swift; path = cellModel.swift; sourceTree = "<group>"; };
		275E3AF924D5E114009B2260 /* SignUp.swift */ = {isa = PBXFileReference; lastKnownFileType = sourcecode.swift; path = SignUp.swift; sourceTree = "<group>"; };
		275E3B0124D5EA6A009B2260 /* Interactions.swift */ = {isa = PBXFileReference; lastKnownFileType = sourcecode.swift; path = Interactions.swift; sourceTree = "<group>"; };
		275E3B0724D626CF009B2260 /* feed.swift */ = {isa = PBXFileReference; lastKnownFileType = sourcecode.swift; path = feed.swift; sourceTree = "<group>"; };
		275E3B0924D626E4009B2260 /* newPost.swift */ = {isa = PBXFileReference; lastKnownFileType = sourcecode.swift; path = newPost.swift; sourceTree = "<group>"; };
		275E3B0B24D626F7009B2260 /* settings.swift */ = {isa = PBXFileReference; lastKnownFileType = sourcecode.swift; path = settings.swift; sourceTree = "<group>"; };
		275E3B0D24D6BAEC009B2260 /* selectOnMap.swift */ = {isa = PBXFileReference; lastKnownFileType = sourcecode.swift; path = selectOnMap.swift; sourceTree = "<group>"; };
		275E3B0F24D73330009B2260 /* cell.swift */ = {isa = PBXFileReference; lastKnownFileType = sourcecode.swift; path = cell.swift; sourceTree = "<group>"; };
		278E284C24D4342900416849 /* exampleFirebase2.app */ = {isa = PBXFileReference; explicitFileType = wrapper.application; includeInIndex = 0; path = exampleFirebase2.app; sourceTree = BUILT_PRODUCTS_DIR; };
		278E284F24D4342900416849 /* AppDelegate.swift */ = {isa = PBXFileReference; lastKnownFileType = sourcecode.swift; path = AppDelegate.swift; sourceTree = "<group>"; };
		278E285124D4342900416849 /* SceneDelegate.swift */ = {isa = PBXFileReference; lastKnownFileType = sourcecode.swift; path = SceneDelegate.swift; sourceTree = "<group>"; };
		278E285324D4342900416849 /* SignIn.swift */ = {isa = PBXFileReference; lastKnownFileType = sourcecode.swift; path = SignIn.swift; sourceTree = "<group>"; };
		278E285624D4342900416849 /* Base */ = {isa = PBXFileReference; lastKnownFileType = file.storyboard; name = Base; path = Base.lproj/Main.storyboard; sourceTree = "<group>"; };
		278E285824D4343000416849 /* Assets.xcassets */ = {isa = PBXFileReference; lastKnownFileType = folder.assetcatalog; path = Assets.xcassets; sourceTree = "<group>"; };
		278E285B24D4343000416849 /* Base */ = {isa = PBXFileReference; lastKnownFileType = file.storyboard; name = Base; path = Base.lproj/LaunchScreen.storyboard; sourceTree = "<group>"; };
		278E285D24D4343000416849 /* Info.plist */ = {isa = PBXFileReference; lastKnownFileType = text.plist.xml; path = Info.plist; sourceTree = "<group>"; };
		278E286324D491B000416849 /* GoogleService-Info.plist */ = {isa = PBXFileReference; fileEncoding = 4; lastKnownFileType = text.plist.xml; path = "GoogleService-Info.plist"; sourceTree = "<group>"; };
		4EA03ED70B0CC548190729B3 /* Pods-exampleFirebase2.debug.xcconfig */ = {isa = PBXFileReference; includeInIndex = 1; lastKnownFileType = text.xcconfig; name = "Pods-exampleFirebase2.debug.xcconfig"; path = "Target Support Files/Pods-exampleFirebase2/Pods-exampleFirebase2.debug.xcconfig"; sourceTree = "<group>"; };
		793786C19AD5E9B8C3306677 /* Pods-exampleFirebase2.release.xcconfig */ = {isa = PBXFileReference; includeInIndex = 1; lastKnownFileType = text.xcconfig; name = "Pods-exampleFirebase2.release.xcconfig"; path = "Target Support Files/Pods-exampleFirebase2/Pods-exampleFirebase2.release.xcconfig"; sourceTree = "<group>"; };
		B0308204C656B7D7D7AA6B09 /* Pods_exampleFirebase2.framework */ = {isa = PBXFileReference; explicitFileType = wrapper.framework; includeInIndex = 0; path = Pods_exampleFirebase2.framework; sourceTree = BUILT_PRODUCTS_DIR; };
/* End PBXFileReference section */

/* Begin PBXFrameworksBuildPhase section */
		278E284924D4342900416849 /* Frameworks */ = {
			isa = PBXFrameworksBuildPhase;
			buildActionMask = 2147483647;
			files = (
				CBD495D3E11771BD781EF484 /* Pods_exampleFirebase2.framework in Frameworks */,
			);
			runOnlyForDeploymentPostprocessing = 0;
		};
/* End PBXFrameworksBuildPhase section */

/* Begin PBXGroup section */
		278E284324D4342900416849 = {
			isa = PBXGroup;
			children = (
				278E284E24D4342900416849 /* exampleFirebase2 */,
				278E284D24D4342900416849 /* Products */,
				A4212E0A0D374DA30A1E5D4E /* Pods */,
				6F442FA212D02D631799B664 /* Frameworks */,
			);
			sourceTree = "<group>";
		};
		278E284D24D4342900416849 /* Products */ = {
			isa = PBXGroup;
			children = (
				278E284C24D4342900416849 /* exampleFirebase2.app */,
			);
			name = Products;
			sourceTree = "<group>";
		};
		278E284E24D4342900416849 /* exampleFirebase2 */ = {
			isa = PBXGroup;
			children = (
				278E284F24D4342900416849 /* AppDelegate.swift */,
				278E285124D4342900416849 /* SceneDelegate.swift */,
				278E285324D4342900416849 /* SignIn.swift */,
				278E285524D4342900416849 /* Main.storyboard */,
				275E3AF924D5E114009B2260 /* SignUp.swift */,
				275E3B0724D626CF009B2260 /* feed.swift */,
				275E3B0924D626E4009B2260 /* newPost.swift */,
				275E3B0D24D6BAEC009B2260 /* selectOnMap.swift */,
				275E3B0F24D73330009B2260 /* cell.swift */,
				273B2CF924D7F1A600CB600A /* cellModel.swift */,
				275E3B0B24D626F7009B2260 /* settings.swift */,
				275E3B0124D5EA6A009B2260 /* Interactions.swift */,
				278E285824D4343000416849 /* Assets.xcassets */,
				278E285A24D4343000416849 /* LaunchScreen.storyboard */,
				278E286324D491B000416849 /* GoogleService-Info.plist */,
				278E285D24D4343000416849 /* Info.plist */,
			);
			path = exampleFirebase2;
			sourceTree = "<group>";
		};
		6F442FA212D02D631799B664 /* Frameworks */ = {
			isa = PBXGroup;
			children = (
				B0308204C656B7D7D7AA6B09 /* Pods_exampleFirebase2.framework */,
			);
			name = Frameworks;
			sourceTree = "<group>";
		};
		A4212E0A0D374DA30A1E5D4E /* Pods */ = {
			isa = PBXGroup;
			children = (
				4EA03ED70B0CC548190729B3 /* Pods-exampleFirebase2.debug.xcconfig */,
				793786C19AD5E9B8C3306677 /* Pods-exampleFirebase2.release.xcconfig */,
			);
			path = Pods;
			sourceTree = "<group>";
		};
/* End PBXGroup section */

/* Begin PBXNativeTarget section */
		278E284B24D4342900416849 /* exampleFirebase2 */ = {
			isa = PBXNativeTarget;
			buildConfigurationList = 278E286024D4343000416849 /* Build configuration list for PBXNativeTarget "exampleFirebase2" */;
			buildPhases = (
				64D74057353065A371409113 /* [CP] Check Pods Manifest.lock */,
				278E284824D4342900416849 /* Sources */,
				278E284924D4342900416849 /* Frameworks */,
				278E284A24D4342900416849 /* Resources */,
				EB5CC8FC3980AD4067C1902C /* [CP] Embed Pods Frameworks */,
				AC8ED5DFFA492833D27F222C /* [CP] Copy Pods Resources */,
			);
			buildRules = (
			);
			dependencies = (
			);
			name = exampleFirebase2;
			productName = exampleFirebase2;
			productReference = 278E284C24D4342900416849 /* exampleFirebase2.app */;
			productType = "com.apple.product-type.application";
		};
/* End PBXNativeTarget section */

/* Begin PBXProject section */
		278E284424D4342900416849 /* Project object */ = {
			isa = PBXProject;
			attributes = {
				LastSwiftUpdateCheck = 1150;
				LastUpgradeCheck = 1150;
				ORGANIZATIONNAME = "Eren FAIKOGLU";
				TargetAttributes = {
					278E284B24D4342900416849 = {
						CreatedOnToolsVersion = 11.5;
					};
				};
			};
			buildConfigurationList = 278E284724D4342900416849 /* Build configuration list for PBXProject "exampleFirebase2" */;
			compatibilityVersion = "Xcode 9.3";
			developmentRegion = en;
			hasScannedForEncodings = 0;
			knownRegions = (
				en,
				Base,
			);
			mainGroup = 278E284324D4342900416849;
			productRefGroup = 278E284D24D4342900416849 /* Products */;
			projectDirPath = "";
			projectRoot = "";
			targets = (
				278E284B24D4342900416849 /* exampleFirebase2 */,
			);
		};
/* End PBXProject section */

/* Begin PBXResourcesBuildPhase section */
		278E284A24D4342900416849 /* Resources */ = {
			isa = PBXResourcesBuildPhase;
			buildActionMask = 2147483647;
			files = (
				278E285C24D4343000416849 /* LaunchScreen.storyboard in Resources */,
				278E286424D491B000416849 /* GoogleService-Info.plist in Resources */,
				278E285924D4343000416849 /* Assets.xcassets in Resources */,
				278E285724D4342900416849 /* Main.storyboard in Resources */,
			);
			runOnlyForDeploymentPostprocessing = 0;
		};
/* End PBXResourcesBuildPhase section */

/* Begin PBXShellScriptBuildPhase section */
		64D74057353065A371409113 /* [CP] Check Pods Manifest.lock */ = {
			isa = PBXShellScriptBuildPhase;
			buildActionMask = 2147483647;
			files = (
			);
			inputFileListPaths = (
			);
			inputPaths = (
				"${PODS_PODFILE_DIR_PATH}/Podfile.lock",
				"${PODS_ROOT}/Manifest.lock",
			);
			name = "[CP] Check Pods Manifest.lock";
			outputFileListPaths = (
			);
			outputPaths = (
				"$(DERIVED_FILE_DIR)/Pods-exampleFirebase2-checkManifestLockResult.txt",
			);
			runOnlyForDeploymentPostprocessing = 0;
			shellPath = /bin/sh;
			shellScript = "diff \"${PODS_PODFILE_DIR_PATH}/Podfile.lock\" \"${PODS_ROOT}/Manifest.lock\" > /dev/null\nif [ $? != 0 ] ; then\n    # print error to STDERR\n    echo \"error: The sandbox is not in sync with the Podfile.lock. Run 'pod install' or update your CocoaPods installation.\" >&2\n    exit 1\nfi\n# This output is used by Xcode 'outputs' to avoid re-running this script phase.\necho \"SUCCESS\" > \"${SCRIPT_OUTPUT_FILE_0}\"\n";
			showEnvVarsInLog = 0;
		};
		AC8ED5DFFA492833D27F222C /* [CP] Copy Pods Resources */ = {
			isa = PBXShellScriptBuildPhase;
			buildActionMask = 2147483647;
			files = (
			);
			inputFileListPaths = (
				"${PODS_ROOT}/Target Support Files/Pods-exampleFirebase2/Pods-exampleFirebase2-resources-${CONFIGURATION}-input-files.xcfilelist",
			);
			name = "[CP] Copy Pods Resources";
			outputFileListPaths = (
				"${PODS_ROOT}/Target Support Files/Pods-exampleFirebase2/Pods-exampleFirebase2-resources-${CONFIGURATION}-output-files.xcfilelist",
			);
			runOnlyForDeploymentPostprocessing = 0;
			shellPath = /bin/sh;
			shellScript = "\"${PODS_ROOT}/Target Support Files/Pods-exampleFirebase2/Pods-exampleFirebase2-resources.sh\"\n";
			showEnvVarsInLog = 0;
		};
		EB5CC8FC3980AD4067C1902C /* [CP] Embed Pods Frameworks */ = {
			isa = PBXShellScriptBuildPhase;
			buildActionMask = 2147483647;
			files = (
			);
			inputFileListPaths = (
				"${PODS_ROOT}/Target Support Files/Pods-exampleFirebase2/Pods-exampleFirebase2-frameworks-${CONFIGURATION}-input-files.xcfilelist",
			);
			name = "[CP] Embed Pods Frameworks";
			outputFileListPaths = (
				"${PODS_ROOT}/Target Support Files/Pods-exampleFirebase2/Pods-exampleFirebase2-frameworks-${CONFIGURATION}-output-files.xcfilelist",
			);
			runOnlyForDeploymentPostprocessing = 0;
			shellPath = /bin/sh;
			shellScript = "\"${PODS_ROOT}/Target Support Files/Pods-exampleFirebase2/Pods-exampleFirebase2-frameworks.sh\"\n";
			showEnvVarsInLog = 0;
		};
/* End PBXShellScriptBuildPhase section */

/* Begin PBXSourcesBuildPhase section */
		278E284824D4342900416849 /* Sources */ = {
			isa = PBXSourcesBuildPhase;
			buildActionMask = 2147483647;
			files = (
				278E285424D4342900416849 /* SignIn.swift in Sources */,
				275E3B0824D626CF009B2260 /* feed.swift in Sources */,
				275E3B0C24D626F7009B2260 /* settings.swift in Sources */,
				275E3B1024D73330009B2260 /* cell.swift in Sources */,
				275E3AFA24D5E114009B2260 /* SignUp.swift in Sources */,
				275E3B0A24D626E4009B2260 /* newPost.swift in Sources */,
				275E3B0224D5EA6A009B2260 /* Interactions.swift in Sources */,
				278E285024D4342900416849 /* AppDelegate.swift in Sources */,
				273B2CFA24D7F1A600CB600A /* cellModel.swift in Sources */,
				275E3B0E24D6BAEC009B2260 /* selectOnMap.swift in Sources */,
				278E285224D4342900416849 /* SceneDelegate.swift in Sources */,
			);
			runOnlyForDeploymentPostprocessing = 0;
		};
/* End PBXSourcesBuildPhase section */

/* Begin PBXVariantGroup section */
		278E285524D4342900416849 /* Main.storyboard */ = {
			isa = PBXVariantGroup;
			children = (
				278E285624D4342900416849 /* Base */,
			);
			name = Main.storyboard;
			sourceTree = "<group>";
		};
		278E285A24D4343000416849 /* LaunchScreen.storyboard */ = {
			isa = PBXVariantGroup;
			children = (
				278E285B24D4343000416849 /* Base */,
			);
			name = LaunchScreen.storyboard;
			sourceTree = "<group>";
		};
/* End PBXVariantGroup section */

/* Begin XCBuildConfiguration section */
		278E285E24D4343000416849 /* Debug */ = {
			isa = XCBuildConfiguration;
			buildSettings = {
				ALWAYS_SEARCH_USER_PATHS = NO;
				CLANG_ANALYZER_NONNULL = YES;
				CLANG_ANALYZER_NUMBER_OBJECT_CONVERSION = YES_AGGRESSIVE;
				CLANG_CXX_LANGUAGE_STANDARD = "gnu++14";
				CLANG_CXX_LIBRARY = "libc++";
				CLANG_ENABLE_MODULES = YES;
				CLANG_ENABLE_OBJC_ARC = YES;
				CLANG_ENABLE_OBJC_WEAK = YES;
				CLANG_WARN_BLOCK_CAPTURE_AUTORELEASING = YES;
				CLANG_WARN_BOOL_CONVERSION = YES;
				CLANG_WARN_COMMA = YES;
				CLANG_WARN_CONSTANT_CONVERSION = YES;
				CLANG_WARN_DEPRECATED_OBJC_IMPLEMENTATIONS = YES;
				CLANG_WARN_DIRECT_OBJC_ISA_USAGE = YES_ERROR;
				CLANG_WARN_DOCUMENTATION_COMMENTS = YES;
				CLANG_WARN_EMPTY_BODY = YES;
				CLANG_WARN_ENUM_CONVERSION = YES;
				CLANG_WARN_INFINITE_RECURSION = YES;
				CLANG_WARN_INT_CONVERSION = YES;
				CLANG_WARN_NON_LITERAL_NULL_CONVERSION = YES;
				CLANG_WARN_OBJC_IMPLICIT_RETAIN_SELF = YES;
				CLANG_WARN_OBJC_LITERAL_CONVERSION = YES;
				CLANG_WARN_OBJC_ROOT_CLASS = YES_ERROR;
				CLANG_WARN_RANGE_LOOP_ANALYSIS = YES;
				CLANG_WARN_STRICT_PROTOTYPES = YES;
				CLANG_WARN_SUSPICIOUS_MOVE = YES;
				CLANG_WARN_UNGUARDED_AVAILABILITY = YES_AGGRESSIVE;
				CLANG_WARN_UNREACHABLE_CODE = YES;
				CLANG_WARN__DUPLICATE_METHOD_MATCH = YES;
				COPY_PHASE_STRIP = NO;
				DEBUG_INFORMATION_FORMAT = dwarf;
				ENABLE_STRICT_OBJC_MSGSEND = YES;
				ENABLE_TESTABILITY = YES;
				GCC_C_LANGUAGE_STANDARD = gnu11;
				GCC_DYNAMIC_NO_PIC = NO;
				GCC_NO_COMMON_BLOCKS = YES;
				GCC_OPTIMIZATION_LEVEL = 0;
				GCC_PREPROCESSOR_DEFINITIONS = (
					"DEBUG=1",
					"$(inherited)",
				);
				GCC_WARN_64_TO_32_BIT_CONVERSION = YES;
				GCC_WARN_ABOUT_RETURN_TYPE = YES_ERROR;
				GCC_WARN_UNDECLARED_SELECTOR = YES;
				GCC_WARN_UNINITIALIZED_AUTOS = YES_AGGRESSIVE;
				GCC_WARN_UNUSED_FUNCTION = YES;
				GCC_WARN_UNUSED_VARIABLE = YES;
				IPHONEOS_DEPLOYMENT_TARGET = 13.5;
				MTL_ENABLE_DEBUG_INFO = INCLUDE_SOURCE;
				MTL_FAST_MATH = YES;
				ONLY_ACTIVE_ARCH = YES;
				SDKROOT = iphoneos;
				SWIFT_ACTIVE_COMPILATION_CONDITIONS = DEBUG;
				SWIFT_OPTIMIZATION_LEVEL = "-Onone";
			};
			name = Debug;
		};
		278E285F24D4343000416849 /* Release */ = {
			isa = XCBuildConfiguration;
			buildSettings = {
				ALWAYS_SEARCH_USER_PATHS = NO;
				CLANG_ANALYZER_NONNULL = YES;
				CLANG_ANALYZER_NUMBER_OBJECT_CONVERSION = YES_AGGRESSIVE;
				CLANG_CXX_LANGUAGE_STANDARD = "gnu++14";
				CLANG_CXX_LIBRARY = "libc++";
				CLANG_ENABLE_MODULES = YES;
				CLANG_ENABLE_OBJC_ARC = YES;
				CLANG_ENABLE_OBJC_WEAK = YES;
				CLANG_WARN_BLOCK_CAPTURE_AUTORELEASING = YES;
				CLANG_WARN_BOOL_CONVERSION = YES;
				CLANG_WARN_COMMA = YES;
				CLANG_WARN_CONSTANT_CONVERSION = YES;
				CLANG_WARN_DEPRECATED_OBJC_IMPLEMENTATIONS = YES;
				CLANG_WARN_DIRECT_OBJC_ISA_USAGE = YES_ERROR;
				CLANG_WARN_DOCUMENTATION_COMMENTS = YES;
				CLANG_WARN_EMPTY_BODY = YES;
				CLANG_WARN_ENUM_CONVERSION = YES;
				CLANG_WARN_INFINITE_RECURSION = YES;
				CLANG_WARN_INT_CONVERSION = YES;
				CLANG_WARN_NON_LITERAL_NULL_CONVERSION = YES;
				CLANG_WARN_OBJC_IMPLICIT_RETAIN_SELF = YES;
				CLANG_WARN_OBJC_LITERAL_CONVERSION = YES;
				CLANG_WARN_OBJC_ROOT_CLASS = YES_ERROR;
				CLANG_WARN_RANGE_LOOP_ANALYSIS = YES;
				CLANG_WARN_STRICT_PROTOTYPES = YES;
				CLANG_WARN_SUSPICIOUS_MOVE = YES;
				CLANG_WARN_UNGUARDED_AVAILABILITY = YES_AGGRESSIVE;
				CLANG_WARN_UNREACHABLE_CODE = YES;
				CLANG_WARN__DUPLICATE_METHOD_MATCH = YES;
				COPY_PHASE_STRIP = NO;
				DEBUG_INFORMATION_FORMAT = "dwarf-with-dsym";
				ENABLE_NS_ASSERTIONS = NO;
				ENABLE_STRICT_OBJC_MSGSEND = YES;
				GCC_C_LANGUAGE_STANDARD = gnu11;
				GCC_NO_COMMON_BLOCKS = YES;
				GCC_WARN_64_TO_32_BIT_CONVERSION = YES;
				GCC_WARN_ABOUT_RETURN_TYPE = YES_ERROR;
				GCC_WARN_UNDECLARED_SELECTOR = YES;
				GCC_WARN_UNINITIALIZED_AUTOS = YES_AGGRESSIVE;
				GCC_WARN_UNUSED_FUNCTION = YES;
				GCC_WARN_UNUSED_VARIABLE = YES;
				IPHONEOS_DEPLOYMENT_TARGET = 13.5;
				MTL_ENABLE_DEBUG_INFO = NO;
				MTL_FAST_MATH = YES;
				SDKROOT = iphoneos;
				SWIFT_COMPILATION_MODE = wholemodule;
				SWIFT_OPTIMIZATION_LEVEL = "-O";
				VALIDATE_PRODUCT = YES;
			};
			name = Release;
		};
		278E286124D4343000416849 /* Debug */ = {
			isa = XCBuildConfiguration;
			baseConfigurationReference = 4EA03ED70B0CC548190729B3 /* Pods-exampleFirebase2.debug.xcconfig */;
			buildSettings = {
				ASSETCATALOG_COMPILER_APPICON_NAME = AppIcon;
				CODE_SIGN_STYLE = Automatic;
				DEVELOPMENT_TEAM = XYBAZLWA45;
				INFOPLIST_FILE = exampleFirebase2/Info.plist;
				LD_RUNPATH_SEARCH_PATHS = (
					"$(inherited)",
					"@executable_path/Frameworks",
				);
				PRODUCT_BUNDLE_IDENTIFIER = net.exampleFirebase2;
				PRODUCT_NAME = "$(TARGET_NAME)";
				SWIFT_VERSION = 5.0;
				TARGETED_DEVICE_FAMILY = "1,2";
			};
			name = Debug;
		};
		278E286224D4343000416849 /* Release */ = {
			isa = XCBuildConfiguration;
			baseConfigurationReference = 793786C19AD5E9B8C3306677 /* Pods-exampleFirebase2.release.xcconfig */;
			buildSettings = {
				ASSETCATALOG_COMPILER_APPICON_NAME = AppIcon;
				CODE_SIGN_STYLE = Automatic;
				DEVELOPMENT_TEAM = XYBAZLWA45;
				INFOPLIST_FILE = exampleFirebase2/Info.plist;
				LD_RUNPATH_SEARCH_PATHS = (
					"$(inherited)",
					"@executable_path/Frameworks",
				);
				PRODUCT_BUNDLE_IDENTIFIER = net.exampleFirebase2;
				PRODUCT_NAME = "$(TARGET_NAME)";
				SWIFT_VERSION = 5.0;
				TARGETED_DEVICE_FAMILY = "1,2";
			};
			name = Release;
		};
/* End XCBuildConfiguration section */

/* Begin XCConfigurationList section */
		278E284724D4342900416849 /* Build configuration list for PBXProject "exampleFirebase2" */ = {
			isa = XCConfigurationList;
			buildConfigurations = (
				278E285E24D4343000416849 /* Debug */,
				278E285F24D4343000416849 /* Release */,
			);
			defaultConfigurationIsVisible = 0;
			defaultConfigurationName = Release;
		};
		278E286024D4343000416849 /* Build configuration list for PBXNativeTarget "exampleFirebase2" */ = {
			isa = XCConfigurationList;
			buildConfigurations = (
				278E286124D4343000416849 /* Debug */,
				278E286224D4343000416849 /* Release */,
			);
			defaultConfigurationIsVisible = 0;
			defaultConfigurationName = Release;
		};
/* End XCConfigurationList section */
	};
	rootObject = 278E284424D4342900416849 /* Project object */;
}
